
Microsoft Visual Studio Solution File, Format Version 12.00
# Visual Studio Version 17
VisualStudioVersion = 17.13.35913.81 d17.13
MinimumVisualStudioVersion = 10.0.40219.1
Project("{FAE04EC0-301F-11D3-BF4B-00C04F79EFBC}") = "FileAssignment6", "FileAssignment6.csproj", "{57BDB16F-33B2-4221-9663-28BEF66BA5F6}"
EndProject
Global
	GlobalSection(SolutionConfigurationPlatforms) = preSolution
		Debug|Any CPU = Debug|Any CPU
		Release|Any CPU = Release|Any CPU
	EndGlobalSection
	GlobalSection(ProjectConfigurationPlatforms) = postSolution
		{57BDB16F-33B2-4221-9663-28BEF66BA5F6}.Debug|Any CPU.ActiveCfg = Debug|Any CPU
		{57BDB16F-33B2-4221-9663-28BEF66BA5F6}.Debug|Any CPU.Build.0 = Debug|Any CPU
		{57BDB16F-33B2-4221-9663-28BEF66BA5F6}.Release|Any CPU.ActiveCfg = Release|Any CPU
		{57BDB16F-33B2-4221-9663-28BEF66BA5F6}.Release|Any CPU.Build.0 = Release|Any CPU
	EndGlobalSection
	GlobalSection(SolutionProperties) = preSolution
		HideSolutionNode = FALSE
	EndGlobalSection
	GlobalSection(ExtensibilityGlobals) = postSolution
		SolutionGuid = {2B7B8F8D-D85C-4078-8A73-3AD8A6D2878C}
	EndGlobalSection
EndGlobal
